
Microsoft Visual Studio Solution File, Format Version 12.00
# Visual Studio Version 17
VisualStudioVersion = 17.0.32014.148
MinimumVisualStudioVersion = 10.0.40219.1
Project("{9A19103F-16F7-4668-BE54-9A1E7A4F7556}") = "Apteka", "Apteka\Apteka.csproj", "{645CABBB-A221-4DFB-919A-96D54F82C025}"
EndProject
Project("{FAE04EC0-301F-11D3-BF4B-00C04F79EFBC}") = "UnitTestDrug", "UnitTestDrug\UnitTestDrug.csproj", "{A24E2C82-00B5-4E13-B6C8-4017585C2235}"
EndProject
Global
	GlobalSection(SolutionConfigurationPlatforms) = preSolution
		Debug|Any CPU = Debug|Any CPU
		Release|Any CPU = Release|Any CPU
	EndGlobalSection
	GlobalSection(ProjectConfigurationPlatforms) = postSolution
		{645CABBB-A221-4DFB-919A-96D54F82C025}.Debug|Any CPU.ActiveCfg = Debug|Any CPU
		{645CABBB-A221-4DFB-919A-96D54F82C025}.Debug|Any CPU.Build.0 = Debug|Any CPU
		{645CABBB-A221-4DFB-919A-96D54F82C025}.Release|Any CPU.ActiveCfg = Release|Any CPU
		{645CABBB-A221-4DFB-919A-96D54F82C025}.Release|Any CPU.Build.0 = Release|Any CPU
		{A24E2C82-00B5-4E13-B6C8-4017585C2235}.Debug|Any CPU.ActiveCfg = Debug|Any CPU
		{A24E2C82-00B5-4E13-B6C8-4017585C2235}.Debug|Any CPU.Build.0 = Debug|Any CPU
		{A24E2C82-00B5-4E13-B6C8-4017585C2235}.Release|Any CPU.ActiveCfg = Release|Any CPU
		{A24E2C82-00B5-4E13-B6C8-4017585C2235}.Release|Any CPU.Build.0 = Release|Any CPU
	EndGlobalSection
	GlobalSection(SolutionProperties) = preSolution
		HideSolutionNode = FALSE
	EndGlobalSection
	GlobalSection(ExtensibilityGlobals) = postSolution
		SolutionGuid = {8A1D2D0B-79B0-4DD2-8462-0B3FCBD417A0}
	EndGlobalSection
EndGlobal
